
Microsoft Visual Studio Solution File, Format Version 12.00
# Visual Studio Version 17
VisualStudioVersion = 17.8.34511.84
MinimumVisualStudioVersion = 10.0.40219.1
Project("{FAE04EC0-301F-11D3-BF4B-00C04F79EFBC}") = "Employee_Management_System", "Employee_Management_System\Employee_Management_System.csproj", "{9FFA5AC9-3A0B-47FD-B409-1556A374FBA5}"
EndProject
Global
	GlobalSection(SolutionConfigurationPlatforms) = preSolution
		Debug|Any CPU = Debug|Any CPU
		Release|Any CPU = Release|Any CPU
	EndGlobalSection
	GlobalSection(ProjectConfigurationPlatforms) = postSolution
		{9FFA5AC9-3A0B-47FD-B409-1556A374FBA5}.Debug|Any CPU.ActiveCfg = Debug|Any CPU
		{9FFA5AC9-3A0B-47FD-B409-1556A374FBA5}.Debug|Any CPU.Build.0 = Debug|Any CPU
		{9FFA5AC9-3A0B-47FD-B409-1556A374FBA5}.Release|Any CPU.ActiveCfg = Release|Any CPU
		{9FFA5AC9-3A0B-47FD-B409-1556A374FBA5}.Release|Any CPU.Build.0 = Release|Any CPU
	EndGlobalSection
	GlobalSection(SolutionProperties) = preSolution
		HideSolutionNode = FALSE
	EndGlobalSection
	GlobalSection(ExtensibilityGlobals) = postSolution
		SolutionGuid = {D87BC6F6-7109-40B9-9EF7-4369D3078FC4}
	EndGlobalSection
EndGlobal
